// !$*UTF8*$!
{
	archiveVersion = 1;
	classes = {
	};
	objectVersion = 46;
	objects = {

/* Begin PBXBuildFile section */
		198C18311DA5794A00DFA386 /* CS2.swift in Sources */ = {isa = PBXBuildFile; fileRef = 198C18301DA5794A00DFA386 /* CS2.swift */; };
		19BB120A1DA2E5D000418E16 /* AppDelegate.swift in Sources */ = {isa = PBXBuildFile; fileRef = 19BB12091DA2E5D000418E16 /* AppDelegate.swift */; };
		19BB120C1DA2E5D000418E16 /* ViewController.swift in Sources */ = {isa = PBXBuildFile; fileRef = 19BB120B1DA2E5D000418E16 /* ViewController.swift */; };
		19BB120F1DA2E5D000418E16 /* Main.storyboard in Resources */ = {isa = PBXBuildFile; fileRef = 19BB120D1DA2E5D000418E16 /* Main.storyboard */; };
		19BB12111DA2E5D000418E16 /* Assets.xcassets in Resources */ = {isa = PBXBuildFile; fileRef = 19BB12101DA2E5D000418E16 /* Assets.xcassets */; };
		19BB12141DA2E5D000418E16 /* LaunchScreen.storyboard in Resources */ = {isa = PBXBuildFile; fileRef = 19BB12121DA2E5D000418E16 /* LaunchScreen.storyboard */; };
/* End PBXBuildFile section */

/* Begin PBXFileReference section */
		198C18301DA5794A00DFA386 /* CS2.swift */ = {isa = PBXFileReference; fileEncoding = 4; lastKnownFileType = sourcecode.swift; path = CS2.swift; sourceTree = "<group>"; };
		19BB12061DA2E5D000418E16 /* AboutMeProject.app */ = {isa = PBXFileReference; explicitFileType = wrapper.application; includeInIndex = 0; path = AboutMeProject.app; sourceTree = BUILT_PRODUCTS_DIR; };
		19BB12091DA2E5D000418E16 /* AppDelegate.swift */ = {isa = PBXFileReference; lastKnownFileType = sourcecode.swift; path = AppDelegate.swift; sourceTree = "<group>"; };
		19BB120B1DA2E5D000418E16 /* ViewController.swift */ = {isa = PBXFileReference; lastKnownFileType = sourcecode.swift; path = ViewController.swift; sourceTree = "<group>"; };
		19BB120E1DA2E5D000418E16 /* Base */ = {isa = PBXFileReference; lastKnownFileType = file.storyboard; name = Base; path = Base.lproj/Main.storyboard; sourceTree = "<group>"; };
		19BB12101DA2E5D000418E16 /* Assets.xcassets */ = {isa = PBXFileReference; lastKnownFileType = folder.assetcatalog; path = Assets.xcassets; sourceTree = "<group>"; };
		19BB12131DA2E5D000418E16 /* Base */ = {isa = PBXFileReference; lastKnownFileType = file.storyboard; name = Base; path = Base.lproj/LaunchScreen.storyboard; sourceTree = "<group>"; };
		19BB12151DA2E5D000418E16 /* Info.plist */ = {isa = PBXFileReference; lastKnownFileType = text.plist.xml; path = Info.plist; sourceTree = "<group>"; };
/* End PBXFileReference section */

/* Begin PBXFrameworksBuildPhase section */
		19BB12031DA2E5D000418E16 /* Frameworks */ = {
			isa = PBXFrameworksBuildPhase;
			buildActionMask = 2147483647;
			files = (
			);
			runOnlyForDeploymentPostprocessing = 0;
		};
/* End PBXFrameworksBuildPhase section */

/* Begin PBXGroup section */
		19BB11FD1DA2E5D000418E16 = {
			isa = PBXGroup;
			children = (
				19BB12081DA2E5D000418E16 /* AboutMeProject */,
				19BB12071DA2E5D000418E16 /* Products */,
			);
			sourceTree = "<group>";
		};
		19BB12071DA2E5D000418E16 /* Products */ = {
			isa = PBXGroup;
			children = (
				19BB12061DA2E5D000418E16 /* AboutMeProject.app */,
			);
			name = Products;
			sourceTree = "<group>";
		};
		19BB12081DA2E5D000418E16 /* AboutMeProject */ = {
			isa = PBXGroup;
			children = (
				19BB12091DA2E5D000418E16 /* AppDelegate.swift */,
				19BB120B1DA2E5D000418E16 /* ViewController.swift */,
				19BB120D1DA2E5D000418E16 /* Main.storyboard */,
				198C18301DA5794A00DFA386 /* CS2.swift */,
				19BB12101DA2E5D000418E16 /* Assets.xcassets */,
				19BB12121DA2E5D000418E16 /* LaunchScreen.storyboard */,
				19BB12151DA2E5D000418E16 /* Info.plist */,
			);
			path = AboutMeProject;
			sourceTree = "<group>";
		};
/* End PBXGroup section */

/* Begin PBXNativeTarget section */
		19BB12051DA2E5D000418E16 /* AboutMeProject */ = {
			isa = PBXNativeTarget;
			buildConfigurationList = 19BB12181DA2E5D000418E16 /* Build configuration list for PBXNativeTarget "AboutMeProject" */;
			buildPhases = (
				19BB12021DA2E5D000418E16 /* Sources */,
				19BB12031DA2E5D000418E16 /* Frameworks */,
				19BB12041DA2E5D000418E16 /* Resources */,
			);
			buildRules = (
			);
			dependencies = (
			);
			name = AboutMeProject;
			productName = AboutMeProject;
			productReference = 19BB12061DA2E5D000418E16 /* AboutMeProject.app */;
			productType = "com.apple.product-type.application";
		};
/* End PBXNativeTarget section */

/* Begin PBXProject section */
		19BB11FE1DA2E5D000418E16 /* Project object */ = {
			isa = PBXProject;
			attributes = {
				LastSwiftUpdateCheck = 0720;
				LastUpgradeCheck = 0720;
				ORGANIZATIONNAME = "Trevino, Peyton";
				TargetAttributes = {
					19BB12051DA2E5D000418E16 = {
						CreatedOnToolsVersion = 7.2;
					};
				};
			};
			buildConfigurationList = 19BB12011DA2E5D000418E16 /* Build configuration list for PBXProject "AboutMeProject" */;
			compatibilityVersion = "Xcode 3.2";
			developmentRegion = English;
			hasScannedForEncodings = 0;
			knownRegions = (
				en,
				Base,
			);
			mainGroup = 19BB11FD1DA2E5D000418E16;
			productRefGroup = 19BB12071DA2E5D000418E16 /* Products */;
			projectDirPath = "";
			projectRoot = "";
			targets = (
				19BB12051DA2E5D000418E16 /* AboutMeProject */,
			);
		};
/* End PBXProject section */

/* Begin PBXResourcesBuildPhase section */
		19BB12041DA2E5D000418E16 /* Resources */ = {
			isa = PBXResourcesBuildPhase;
			buildActionMask = 2147483647;
			files = (
				19BB12141DA2E5D000418E16 /* LaunchScreen.storyboard in Resources */,
				19BB12111DA2E5D000418E16 /* Assets.xcassets in Resources */,
				19BB120F1DA2E5D000418E16 /* Main.storyboard in Resources */,
			);
			runOnlyForDeploymentPostprocessing = 0;
		};
/* End PBXResourcesBuildPhase section */

/* Begin PBXSourcesBuildPhase section */
		19BB12021DA2E5D000418E16 /* Sources */ = {
			isa = PBXSourcesBuildPhase;
			buildActionMask = 2147483647;
			files = (
				19BB120C1DA2E5D000418E16 /* ViewController.swift in Sources */,
				19BB120A1DA2E5D000418E16 /* AppDelegate.swift in Sources */,
				198C18311DA5794A00DFA386 /* CS2.swift in Sources */,
			);
			runOnlyForDeploymentPostprocessing = 0;
		};
/* End PBXSourcesBuildPhase section */

/* Begin PBXVariantGroup section */
		19BB120D1DA2E5D000418E16 /* Main.storyboard */ = {
			isa = PBXVariantGroup;
			children = (
				19BB120E1DA2E5D000418E16 /* Base */,
			);
			name = Main.storyboard;
			sourceTree = "<group>";
		};
		19BB12121DA2E5D000418E16 /* LaunchScreen.storyboard */ = {
			isa = PBXVariantGroup;
			children = (
				19BB12131DA2E5D000418E16 /* Base */,
			);
			name = LaunchScreen.storyboard;
			sourceTree = "<group>";
		};
/* End PBXVariantGroup section */

/* Begin XCBuildConfiguration section */
		19BB12161DA2E5D000418E16 /* Debug */ = {
			isa = XCBuildConfiguration;
			buildSettings = {
				ALWAYS_SEARCH_USER_PATHS = NO;
				CLANG_CXX_LANGUAGE_STANDARD = "gnu++0x";
				CLANG_CXX_LIBRARY = "libc++";
				CLANG_ENABLE_MODULES = YES;
				CLANG_ENABLE_OBJC_ARC = YES;
				CLANG_WARN_BOOL_CONVERSION = YES;
				CLANG_WARN_CONSTANT_CONVERSION = YES;
				CLANG_WARN_DIRECT_OBJC_ISA_USAGE = YES_ERROR;
				CLANG_WARN_EMPTY_BODY = YES;
				CLANG_WARN_ENUM_CONVERSION = YES;
				CLANG_WARN_INT_CONVERSION = YES;
				CLANG_WARN_OBJC_ROOT_CLASS = YES_ERROR;
				CLANG_WARN_UNREACHABLE_CODE = YES;
				CLANG_WARN__DUPLICATE_METHOD_MATCH = YES;
				"CODE_SIGN_IDENTITY[sdk=iphoneos*]" = "iPhone Developer";
				COPY_PHASE_STRIP = NO;
				DEBUG_INFORMATION_FORMAT = dwarf;
				ENABLE_STRICT_OBJC_MSGSEND = YES;
				ENABLE_TESTABILITY = YES;
				GCC_C_LANGUAGE_STANDARD = gnu99;
				GCC_DYNAMIC_NO_PIC = NO;
				GCC_NO_COMMON_BLOCKS = YES;
				GCC_OPTIMIZATION_LEVEL = 0;
				GCC_PREPROCESSOR_DEFINITIONS = (
					"DEBUG=1",
					"$(inherited)",
				);
				GCC_WARN_64_TO_32_BIT_CONVERSION = YES;
				GCC_WARN_ABOUT_RETURN_TYPE = YES_ERROR;
				GCC_WARN_UNDECLARED_SELECTOR = YES;
				GCC_WARN_UNINITIALIZED_AUTOS = YES_AGGRESSIVE;
				GCC_WARN_UNUSED_FUNCTION = YES;
				GCC_WARN_UNUSED_VARIABLE = YES;
				IPHONEOS_DEPLOYMENT_TARGET = 9.2;
				MTL_ENABLE_DEBUG_INFO = YES;
				ONLY_ACTIVE_ARCH = YES;
				SDKROOT = iphoneos;
				SWIFT_OPTIMIZATION_LEVEL = "-Onone";
				TARGETED_DEVICE_FAMILY = "1,2";
			};
			name = Debug;
		};
		19BB12171DA2E5D000418E16 /* Release */ = {
			isa = XCBuildConfiguration;
			buildSettings = {
				ALWAYS_SEARCH_USER_PATHS = NO;
				CLANG_CXX_LANGUAGE_STANDARD = "gnu++0x";
				CLANG_CXX_LIBRARY = "libc++";
				CLANG_ENABLE_MODULES = YES;
				CLANG_ENABLE_OBJC_ARC = YES;
				CLANG_WARN_BOOL_CONVERSION = YES;
				CLANG_WARN_CONSTANT_CONVERSION = YES;
				CLANG_WARN_DIRECT_OBJC_ISA_USAGE = YES_ERROR;
				CLANG_WARN_EMPTY_BODY = YES;
				CLANG_WARN_ENUM_CONVERSION = YES;
				CLANG_WARN_INT_CONVERSION = YES;
				CLANG_WARN_OBJC_ROOT_CLASS = YES_ERROR;
				CLANG_WARN_UNREACHABLE_CODE = YES;
				CLANG_WARN__DUPLICATE_METHOD_MATCH = YES;
				"CODE_SIGN_IDENTITY[sdk=iphoneos*]" = "iPhone Developer";
				COPY_PHASE_STRIP = NO;
				DEBUG_INFORMATION_FORMAT = "dwarf-with-dsym";
				ENABLE_NS_ASSERTIONS = NO;
				ENABLE_STRICT_OBJC_MSGSEND = YES;
				GCC_C_LANGUAGE_STANDARD = gnu99;
				GCC_NO_COMMON_BLOCKS = YES;
				GCC_WARN_64_TO_32_BIT_CONVERSION = YES;
				GCC_WARN_ABOUT_RETURN_TYPE = YES_ERROR;
				GCC_WARN_UNDECLARED_SELECTOR = YES;
				GCC_WARN_UNINITIALIZED_AUTOS = YES_AGGRESSIVE;
				GCC_WARN_UNUSED_FUNCTION = YES;
				GCC_WARN_UNUSED_VARIABLE = YES;
				IPHONEOS_DEPLOYMENT_TARGET = 9.2;
				MTL_ENABLE_DEBUG_INFO = NO;
				SDKROOT = iphoneos;
				TARGETED_DEVICE_FAMILY = "1,2";
				VALIDATE_PRODUCT = YES;
			};
			name = Release;
		};
		19BB12191DA2E5D000418E16 /* Debug */ = {
			isa = XCBuildConfiguration;
			buildSettings = {
				ASSETCATALOG_COMPILER_APPICON_NAME = AppIcon;
				INFOPLIST_FILE = AboutMeProject/Info.plist;
				LD_RUNPATH_SEARCH_PATHS = "$(inherited) @executable_path/Frameworks";
				PRODUCT_BUNDLE_IDENTIFIER = IosProject.AboutMeProject;
				PRODUCT_NAME = "$(TARGET_NAME)";
			};
			name = Debug;
		};
		19BB121A1DA2E5D000418E16 /* Release */ = {
			isa = XCBuildConfiguration;
			buildSettings = {
				ASSETCATALOG_COMPILER_APPICON_NAME = AppIcon;
				INFOPLIST_FILE = AboutMeProject/Info.plist;
				LD_RUNPATH_SEARCH_PATHS = "$(inherited) @executable_path/Frameworks";
				PRODUCT_BUNDLE_IDENTIFIER = IosProject.AboutMeProject;
				PRODUCT_NAME = "$(TARGET_NAME)";
			};
			name = Release;
		};
/* End XCBuildConfiguration section */

/* Begin XCConfigurationList section */
		19BB12011DA2E5D000418E16 /* Build configuration list for PBXProject "AboutMeProject" */ = {
			isa = XCConfigurationList;
			buildConfigurations = (
				19BB12161DA2E5D000418E16 /* Debug */,
				19BB12171DA2E5D000418E16 /* Release */,
			);
			defaultConfigurationIsVisible = 0;
			defaultConfigurationName = Release;
		};
		19BB12181DA2E5D000418E16 /* Build configuration list for PBXNativeTarget "AboutMeProject" */ = {
			isa = XCConfigurationList;
			buildConfigurations = (
				19BB12191DA2E5D000418E16 /* Debug */,
				19BB121A1DA2E5D000418E16 /* Release */,
			);
			defaultConfigurationIsVisible = 0;
			defaultConfigurationName = Release;
		};
/* End XCConfigurationList section */
	};
	rootObject = 19BB11FE1DA2E5D000418E16 /* Project object */;
}
