// !$*UTF8*$!
{
	archiveVersion = 1;
	classes = {
	};
	objectVersion = 46;
	objects = {

/* Begin PBXBuildFile section */
		193BD7B11D9999F60000B9D7 /* AppDelegate.swift in Sources */ = {isa = PBXBuildFile; fileRef = 193BD7B01D9999F60000B9D7 /* AppDelegate.swift */; };
		193BD7B31D9999F60000B9D7 /* ViewController.swift in Sources */ = {isa = PBXBuildFile; fileRef = 193BD7B21D9999F60000B9D7 /* ViewController.swift */; };
		193BD7B61D9999F60000B9D7 /* Main.storyboard in Resources */ = {isa = PBXBuildFile; fileRef = 193BD7B41D9999F60000B9D7 /* Main.storyboard */; };
		193BD7B81D9999F60000B9D7 /* Assets.xcassets in Resources */ = {isa = PBXBuildFile; fileRef = 193BD7B71D9999F60000B9D7 /* Assets.xcassets */; };
		193BD7BB1D9999F60000B9D7 /* LaunchScreen.storyboard in Resources */ = {isa = PBXBuildFile; fileRef = 193BD7B91D9999F60000B9D7 /* LaunchScreen.storyboard */; };
/* End PBXBuildFile section */

/* Begin PBXFileReference section */
		193BD7AD1D9999F60000B9D7 /* MyIosProject.app */ = {isa = PBXFileReference; explicitFileType = wrapper.application; includeInIndex = 0; path = MyIosProject.app; sourceTree = BUILT_PRODUCTS_DIR; };
		193BD7B01D9999F60000B9D7 /* AppDelegate.swift */ = {isa = PBXFileReference; lastKnownFileType = sourcecode.swift; path = AppDelegate.swift; sourceTree = "<group>"; };
		193BD7B21D9999F60000B9D7 /* ViewController.swift */ = {isa = PBXFileReference; lastKnownFileType = sourcecode.swift; path = ViewController.swift; sourceTree = "<group>"; };
		193BD7B51D9999F60000B9D7 /* Base */ = {isa = PBXFileReference; lastKnownFileType = file.storyboard; name = Base; path = Base.lproj/Main.storyboard; sourceTree = "<group>"; };
		193BD7B71D9999F60000B9D7 /* Assets.xcassets */ = {isa = PBXFileReference; lastKnownFileType = folder.assetcatalog; path = Assets.xcassets; sourceTree = "<group>"; };
		193BD7BA1D9999F60000B9D7 /* Base */ = {isa = PBXFileReference; lastKnownFileType = file.storyboard; name = Base; path = Base.lproj/LaunchScreen.storyboard; sourceTree = "<group>"; };
		193BD7BC1D9999F60000B9D7 /* Info.plist */ = {isa = PBXFileReference; lastKnownFileType = text.plist.xml; path = Info.plist; sourceTree = "<group>"; };
/* End PBXFileReference section */

/* Begin PBXFrameworksBuildPhase section */
		193BD7AA1D9999F60000B9D7 /* Frameworks */ = {
			isa = PBXFrameworksBuildPhase;
			buildActionMask = 2147483647;
			files = (
			);
			runOnlyForDeploymentPostprocessing = 0;
		};
/* End PBXFrameworksBuildPhase section */

/* Begin PBXGroup section */
		193BD7A41D9999F60000B9D7 = {
			isa = PBXGroup;
			children = (
				193BD7AF1D9999F60000B9D7 /* MyIosProject */,
				193BD7AE1D9999F60000B9D7 /* Products */,
			);
			sourceTree = "<group>";
		};
		193BD7AE1D9999F60000B9D7 /* Products */ = {
			isa = PBXGroup;
			children = (
				193BD7AD1D9999F60000B9D7 /* MyIosProject.app */,
			);
			name = Products;
			sourceTree = "<group>";
		};
		193BD7AF1D9999F60000B9D7 /* MyIosProject */ = {
			isa = PBXGroup;
			children = (
				193BD7B01D9999F60000B9D7 /* AppDelegate.swift */,
				193BD7B21D9999F60000B9D7 /* ViewController.swift */,
				193BD7B41D9999F60000B9D7 /* Main.storyboard */,
				193BD7B71D9999F60000B9D7 /* Assets.xcassets */,
				193BD7B91D9999F60000B9D7 /* LaunchScreen.storyboard */,
				193BD7BC1D9999F60000B9D7 /* Info.plist */,
			);
			path = MyIosProject;
			sourceTree = "<group>";
		};
/* End PBXGroup section */

/* Begin PBXNativeTarget section */
		193BD7AC1D9999F60000B9D7 /* MyIosProject */ = {
			isa = PBXNativeTarget;
			buildConfigurationList = 193BD7BF1D9999F60000B9D7 /* Build configuration list for PBXNativeTarget "MyIosProject" */;
			buildPhases = (
				193BD7A91D9999F60000B9D7 /* Sources */,
				193BD7AA1D9999F60000B9D7 /* Frameworks */,
				193BD7AB1D9999F60000B9D7 /* Resources */,
			);
			buildRules = (
			);
			dependencies = (
			);
			name = MyIosProject;
			productName = MyIosProject;
			productReference = 193BD7AD1D9999F60000B9D7 /* MyIosProject.app */;
			productType = "com.apple.product-type.application";
		};
/* End PBXNativeTarget section */

/* Begin PBXProject section */
		193BD7A51D9999F60000B9D7 /* Project object */ = {
			isa = PBXProject;
			attributes = {
				LastSwiftUpdateCheck = 0720;
				LastUpgradeCheck = 0720;
				ORGANIZATIONNAME = "Trevino, Peyton";
				TargetAttributes = {
					193BD7AC1D9999F60000B9D7 = {
						CreatedOnToolsVersion = 7.2;
					};
				};
			};
			buildConfigurationList = 193BD7A81D9999F60000B9D7 /* Build configuration list for PBXProject "MyIosProject" */;
			compatibilityVersion = "Xcode 3.2";
			developmentRegion = English;
			hasScannedForEncodings = 0;
			knownRegions = (
				en,
				Base,
			);
			mainGroup = 193BD7A41D9999F60000B9D7;
			productRefGroup = 193BD7AE1D9999F60000B9D7 /* Products */;
			projectDirPath = "";
			projectRoot = "";
			targets = (
				193BD7AC1D9999F60000B9D7 /* MyIosProject */,
			);
		};
/* End PBXProject section */

/* Begin PBXResourcesBuildPhase section */
		193BD7AB1D9999F60000B9D7 /* Resources */ = {
			isa = PBXResourcesBuildPhase;
			buildActionMask = 2147483647;
			files = (
				193BD7BB1D9999F60000B9D7 /* LaunchScreen.storyboard in Resources */,
				193BD7B81D9999F60000B9D7 /* Assets.xcassets in Resources */,
				193BD7B61D9999F60000B9D7 /* Main.storyboard in Resources */,
			);
			runOnlyForDeploymentPostprocessing = 0;
		};
/* End PBXResourcesBuildPhase section */

/* Begin PBXSourcesBuildPhase section */
		193BD7A91D9999F60000B9D7 /* Sources */ = {
			isa = PBXSourcesBuildPhase;
			buildActionMask = 2147483647;
			files = (
				193BD7B31D9999F60000B9D7 /* ViewController.swift in Sources */,
				193BD7B11D9999F60000B9D7 /* AppDelegate.swift in Sources */,
			);
			runOnlyForDeploymentPostprocessing = 0;
		};
/* End PBXSourcesBuildPhase section */

/* Begin PBXVariantGroup section */
		193BD7B41D9999F60000B9D7 /* Main.storyboard */ = {
			isa = PBXVariantGroup;
			children = (
				193BD7B51D9999F60000B9D7 /* Base */,
			);
			name = Main.storyboard;
			sourceTree = "<group>";
		};
		193BD7B91D9999F60000B9D7 /* LaunchScreen.storyboard */ = {
			isa = PBXVariantGroup;
			children = (
				193BD7BA1D9999F60000B9D7 /* Base */,
			);
			name = LaunchScreen.storyboard;
			sourceTree = "<group>";
		};
/* End PBXVariantGroup section */

/* Begin XCBuildConfiguration section */
		193BD7BD1D9999F60000B9D7 /* Debug */ = {
			isa = XCBuildConfiguration;
			buildSettings = {
				ALWAYS_SEARCH_USER_PATHS = NO;
				CLANG_CXX_LANGUAGE_STANDARD = "gnu++0x";
				CLANG_CXX_LIBRARY = "libc++";
				CLANG_ENABLE_MODULES = YES;
				CLANG_ENABLE_OBJC_ARC = YES;
				CLANG_WARN_BOOL_CONVERSION = YES;
				CLANG_WARN_CONSTANT_CONVERSION = YES;
				CLANG_WARN_DIRECT_OBJC_ISA_USAGE = YES_ERROR;
				CLANG_WARN_EMPTY_BODY = YES;
				CLANG_WARN_ENUM_CONVERSION = YES;
				CLANG_WARN_INT_CONVERSION = YES;
				CLANG_WARN_OBJC_ROOT_CLASS = YES_ERROR;
				CLANG_WARN_UNREACHABLE_CODE = YES;
				CLANG_WARN__DUPLICATE_METHOD_MATCH = YES;
				"CODE_SIGN_IDENTITY[sdk=iphoneos*]" = "iPhone Developer";
				COPY_PHASE_STRIP = NO;
				DEBUG_INFORMATION_FORMAT = dwarf;
				ENABLE_STRICT_OBJC_MSGSEND = YES;
				ENABLE_TESTABILITY = YES;
				GCC_C_LANGUAGE_STANDARD = gnu99;
				GCC_DYNAMIC_NO_PIC = NO;
				GCC_NO_COMMON_BLOCKS = YES;
				GCC_OPTIMIZATION_LEVEL = 0;
				GCC_PREPROCESSOR_DEFINITIONS = (
					"DEBUG=1",
					"$(inherited)",
				);
				GCC_WARN_64_TO_32_BIT_CONVERSION = YES;
				GCC_WARN_ABOUT_RETURN_TYPE = YES_ERROR;
				GCC_WARN_UNDECLARED_SELECTOR = YES;
				GCC_WARN_UNINITIALIZED_AUTOS = YES_AGGRESSIVE;
				GCC_WARN_UNUSED_FUNCTION = YES;
				GCC_WARN_UNUSED_VARIABLE = YES;
				IPHONEOS_DEPLOYMENT_TARGET = 9.2;
				MTL_ENABLE_DEBUG_INFO = YES;
				ONLY_ACTIVE_ARCH = YES;
				SDKROOT = iphoneos;
				SWIFT_OPTIMIZATION_LEVEL = "-Onone";
				TARGETED_DEVICE_FAMILY = "1,2";
			};
			name = Debug;
		};
		193BD7BE1D9999F60000B9D7 /* Release */ = {
			isa = XCBuildConfiguration;
			buildSettings = {
				ALWAYS_SEARCH_USER_PATHS = NO;
				CLANG_CXX_LANGUAGE_STANDARD = "gnu++0x";
				CLANG_CXX_LIBRARY = "libc++";
				CLANG_ENABLE_MODULES = YES;
				CLANG_ENABLE_OBJC_ARC = YES;
				CLANG_WARN_BOOL_CONVERSION = YES;
				CLANG_WARN_CONSTANT_CONVERSION = YES;
				CLANG_WARN_DIRECT_OBJC_ISA_USAGE = YES_ERROR;
				CLANG_WARN_EMPTY_BODY = YES;
				CLANG_WARN_ENUM_CONVERSION = YES;
				CLANG_WARN_INT_CONVERSION = YES;
				CLANG_WARN_OBJC_ROOT_CLASS = YES_ERROR;
				CLANG_WARN_UNREACHABLE_CODE = YES;
				CLANG_WARN__DUPLICATE_METHOD_MATCH = YES;
				"CODE_SIGN_IDENTITY[sdk=iphoneos*]" = "iPhone Developer";
				COPY_PHASE_STRIP = NO;
				DEBUG_INFORMATION_FORMAT = "dwarf-with-dsym";
				ENABLE_NS_ASSERTIONS = NO;
				ENABLE_STRICT_OBJC_MSGSEND = YES;
				GCC_C_LANGUAGE_STANDARD = gnu99;
				GCC_NO_COMMON_BLOCKS = YES;
				GCC_WARN_64_TO_32_BIT_CONVERSION = YES;
				GCC_WARN_ABOUT_RETURN_TYPE = YES_ERROR;
				GCC_WARN_UNDECLARED_SELECTOR = YES;
				GCC_WARN_UNINITIALIZED_AUTOS = YES_AGGRESSIVE;
				GCC_WARN_UNUSED_FUNCTION = YES;
				GCC_WARN_UNUSED_VARIABLE = YES;
				IPHONEOS_DEPLOYMENT_TARGET = 9.2;
				MTL_ENABLE_DEBUG_INFO = NO;
				SDKROOT = iphoneos;
				TARGETED_DEVICE_FAMILY = "1,2";
				VALIDATE_PRODUCT = YES;
			};
			name = Release;
		};
		193BD7C01D9999F60000B9D7 /* Debug */ = {
			isa = XCBuildConfiguration;
			buildSettings = {
				ASSETCATALOG_COMPILER_APPICON_NAME = AppIcon;
				INFOPLIST_FILE = MyIosProject/Info.plist;
				LD_RUNPATH_SEARCH_PATHS = "$(inherited) @executable_path/Frameworks";
				PRODUCT_BUNDLE_IDENTIFIER = IosProject.MyIosProject;
				PRODUCT_NAME = "$(TARGET_NAME)";
			};
			name = Debug;
		};
		193BD7C11D9999F60000B9D7 /* Release */ = {
			isa = XCBuildConfiguration;
			buildSettings = {
				ASSETCATALOG_COMPILER_APPICON_NAME = AppIcon;
				INFOPLIST_FILE = MyIosProject/Info.plist;
				LD_RUNPATH_SEARCH_PATHS = "$(inherited) @executable_path/Frameworks";
				PRODUCT_BUNDLE_IDENTIFIER = IosProject.MyIosProject;
				PRODUCT_NAME = "$(TARGET_NAME)";
			};
			name = Release;
		};
/* End XCBuildConfiguration section */

/* Begin XCConfigurationList section */
		193BD7A81D9999F60000B9D7 /* Build configuration list for PBXProject "MyIosProject" */ = {
			isa = XCConfigurationList;
			buildConfigurations = (
				193BD7BD1D9999F60000B9D7 /* Debug */,
				193BD7BE1D9999F60000B9D7 /* Release */,
			);
			defaultConfigurationIsVisible = 0;
			defaultConfigurationName = Release;
		};
		193BD7BF1D9999F60000B9D7 /* Build configuration list for PBXNativeTarget "MyIosProject" */ = {
			isa = XCConfigurationList;
			buildConfigurations = (
				193BD7C01D9999F60000B9D7 /* Debug */,
				193BD7C11D9999F60000B9D7 /* Release */,
			);
			defaultConfigurationIsVisible = 0;
		};
/* End XCConfigurationList section */
	};
	rootObject = 193BD7A51D9999F60000B9D7 /* Project object */;
}
